
Microsoft Visual Studio Solution File, Format Version 12.00
# Visual Studio Version 16
VisualStudioVersion = 16.0.34601.136
MinimumVisualStudioVersion = 10.0.40219.1
Project("{FAE04EC0-301F-11D3-BF4B-00C04F79EFBC}") = "WebApplication1", "WebApplication1\WebApplication1.csproj", "{0CA5320F-767A-48DF-8320-AA019BCA68C6}"
EndProject
Global
	GlobalSection(SolutionConfigurationPlatforms) = preSolution
		Debug|Any CPU = Debug|Any CPU
		Release|Any CPU = Release|Any CPU
	EndGlobalSection
	GlobalSection(ProjectConfigurationPlatforms) = postSolution
		{0CA5320F-767A-48DF-8320-AA019BCA68C6}.Debug|Any CPU.ActiveCfg = Debug|Any CPU
		{0CA5320F-767A-48DF-8320-AA019BCA68C6}.Debug|Any CPU.Build.0 = Debug|Any CPU
		{0CA5320F-767A-48DF-8320-AA019BCA68C6}.Release|Any CPU.ActiveCfg = Release|Any CPU
		{0CA5320F-767A-48DF-8320-AA019BCA68C6}.Release|Any CPU.Build.0 = Release|Any CPU
	EndGlobalSection
	GlobalSection(SolutionProperties) = preSolution
		HideSolutionNode = FALSE
	EndGlobalSection
	GlobalSection(ExtensibilityGlobals) = postSolution
		SolutionGuid = {0E794E61-E9CD-466C-95E1-3256C405D10A}
	EndGlobalSection
EndGlobal
