
Microsoft Visual Studio Solution File, Format Version 12.00
# Visual Studio Version 16
VisualStudioVersion = 16.0.34601.136
MinimumVisualStudioVersion = 10.0.40219.1
Project("{FAE04EC0-301F-11D3-BF4B-00C04F79EFBC}") = "Clase2 - Combobox", "Clase2 - Combobox\Clase2 - Combobox.csproj", "{BB22BDCE-432E-4AB3-9008-CBFEFCFED006}"
EndProject
Global
	GlobalSection(SolutionConfigurationPlatforms) = preSolution
		Debug|Any CPU = Debug|Any CPU
		Release|Any CPU = Release|Any CPU
	EndGlobalSection
	GlobalSection(ProjectConfigurationPlatforms) = postSolution
		{BB22BDCE-432E-4AB3-9008-CBFEFCFED006}.Debug|Any CPU.ActiveCfg = Debug|Any CPU
		{BB22BDCE-432E-4AB3-9008-CBFEFCFED006}.Debug|Any CPU.Build.0 = Debug|Any CPU
		{BB22BDCE-432E-4AB3-9008-CBFEFCFED006}.Release|Any CPU.ActiveCfg = Release|Any CPU
		{BB22BDCE-432E-4AB3-9008-CBFEFCFED006}.Release|Any CPU.Build.0 = Release|Any CPU
	EndGlobalSection
	GlobalSection(SolutionProperties) = preSolution
		HideSolutionNode = FALSE
	EndGlobalSection
	GlobalSection(ExtensibilityGlobals) = postSolution
		SolutionGuid = {1CF35C21-D333-4541-B7D0-CA5672DC0801}
	EndGlobalSection
EndGlobal
